// !$*UTF8*$!
{
	archiveVersion = 1;
	classes = {
	};
	objectVersion = 55;
	objects = {

/* Begin PBXBuildFile section */
		3D5FE3FD29BEA06F007302B2 /* HomePageVC.swift in Sources */ = {isa = PBXBuildFile; fileRef = 3D5FE3FB29BEA06F007302B2 /* HomePageVC.swift */; };
		3D5FE3FE29BEA06F007302B2 /* HomePageVC.xib in Resources */ = {isa = PBXBuildFile; fileRef = 3D5FE3FC29BEA06F007302B2 /* HomePageVC.xib */; };
		3D5FE40129BEA0F5007302B2 /* HomePageModel.swift in Sources */ = {isa = PBXBuildFile; fileRef = 3D5FE3FF29BEA0F5007302B2 /* HomePageModel.swift */; };
		3D5FE40229BEA0F5007302B2 /* HomePageVM.swift in Sources */ = {isa = PBXBuildFile; fileRef = 3D5FE40029BEA0F5007302B2 /* HomePageVM.swift */; };
		3D5FE40929BEA1C4007302B2 /* IntExtension.swift in Sources */ = {isa = PBXBuildFile; fileRef = 3D5FE40429BEA1C4007302B2 /* IntExtension.swift */; };
		3D5FE40A29BEA1C4007302B2 /* ViewExtension.swift in Sources */ = {isa = PBXBuildFile; fileRef = 3D5FE40529BEA1C4007302B2 /* ViewExtension.swift */; };
		3D5FE40C29BEA1C4007302B2 /* Constants.swift in Sources */ = {isa = PBXBuildFile; fileRef = 3D5FE40729BEA1C4007302B2 /* Constants.swift */; };
		3D679C9029BEA4CD0063C76C /* ApiService.swift in Sources */ = {isa = PBXBuildFile; fileRef = 3D679C8F29BEA4CD0063C76C /* ApiService.swift */; };
		3D679C9329BEA59F0063C76C /* WeatherRepository.swift in Sources */ = {isa = PBXBuildFile; fileRef = 3D679C9229BEA59F0063C76C /* WeatherRepository.swift */; };
		3D679C9629BEA5F10063C76C /* WeatherResponse.swift in Sources */ = {isa = PBXBuildFile; fileRef = 3D679C9529BEA5F10063C76C /* WeatherResponse.swift */; };
		3DC3F27E29BE96C00075C257 /* AppDelegate.swift in Sources */ = {isa = PBXBuildFile; fileRef = 3DC3F27D29BE96C00075C257 /* AppDelegate.swift */; };
		3DC3F28029BE96C00075C257 /* SceneDelegate.swift in Sources */ = {isa = PBXBuildFile; fileRef = 3DC3F27F29BE96C00075C257 /* SceneDelegate.swift */; };
		3DC3F28529BE96C00075C257 /* Main.storyboard in Resources */ = {isa = PBXBuildFile; fileRef = 3DC3F28329BE96C00075C257 /* Main.storyboard */; };
		3DC3F28829BE96C00075C257 /* MeteoApp.xcdatamodeld in Sources */ = {isa = PBXBuildFile; fileRef = 3DC3F28629BE96C00075C257 /* MeteoApp.xcdatamodeld */; };
		3DC3F28A29BE96C10075C257 /* Assets.xcassets in Resources */ = {isa = PBXBuildFile; fileRef = 3DC3F28929BE96C10075C257 /* Assets.xcassets */; };
		3DC3F28D29BE96C10075C257 /* LaunchScreen.storyboard in Resources */ = {isa = PBXBuildFile; fileRef = 3DC3F28B29BE96C10075C257 /* LaunchScreen.storyboard */; };
		3DC3F29829BE96C10075C257 /* MeteoAppTests.swift in Sources */ = {isa = PBXBuildFile; fileRef = 3DC3F29729BE96C10075C257 /* MeteoAppTests.swift */; };
		3DC3F2A229BE96C10075C257 /* MeteoAppUITests.swift in Sources */ = {isa = PBXBuildFile; fileRef = 3DC3F2A129BE96C10075C257 /* MeteoAppUITests.swift */; };
		3DC3F2A429BE96C10075C257 /* MeteoAppUITestsLaunchTests.swift in Sources */ = {isa = PBXBuildFile; fileRef = 3DC3F2A329BE96C10075C257 /* MeteoAppUITestsLaunchTests.swift */; };
		51A6AFD7BD3B71D1F5011E88 /* Pods_MeteoApp.framework in Frameworks */ = {isa = PBXBuildFile; fileRef = 68DC95569F5D451889735EC4 /* Pods_MeteoApp.framework */; };
/* End PBXBuildFile section */

/* Begin PBXContainerItemProxy section */
		3DC3F29429BE96C10075C257 /* PBXContainerItemProxy */ = {
			isa = PBXContainerItemProxy;
			containerPortal = 3DC3F27229BE96C00075C257 /* Project object */;
			proxyType = 1;
			remoteGlobalIDString = 3DC3F27929BE96C00075C257;
			remoteInfo = MeteoApp;
		};
		3DC3F29E29BE96C10075C257 /* PBXContainerItemProxy */ = {
			isa = PBXContainerItemProxy;
			containerPortal = 3DC3F27229BE96C00075C257 /* Project object */;
			proxyType = 1;
			remoteGlobalIDString = 3DC3F27929BE96C00075C257;
			remoteInfo = MeteoApp;
		};
/* End PBXContainerItemProxy section */

/* Begin PBXFileReference section */
		3D5FE3FB29BEA06F007302B2 /* HomePageVC.swift */ = {isa = PBXFileReference; lastKnownFileType = sourcecode.swift; path = HomePageVC.swift; sourceTree = "<group>"; };
		3D5FE3FC29BEA06F007302B2 /* HomePageVC.xib */ = {isa = PBXFileReference; lastKnownFileType = file.xib; path = HomePageVC.xib; sourceTree = "<group>"; };
		3D5FE3FF29BEA0F5007302B2 /* HomePageModel.swift */ = {isa = PBXFileReference; fileEncoding = 4; lastKnownFileType = sourcecode.swift; path = HomePageModel.swift; sourceTree = "<group>"; };
		3D5FE40029BEA0F5007302B2 /* HomePageVM.swift */ = {isa = PBXFileReference; fileEncoding = 4; lastKnownFileType = sourcecode.swift; path = HomePageVM.swift; sourceTree = "<group>"; };
		3D5FE40429BEA1C4007302B2 /* IntExtension.swift */ = {isa = PBXFileReference; fileEncoding = 4; lastKnownFileType = sourcecode.swift; path = IntExtension.swift; sourceTree = "<group>"; };
		3D5FE40529BEA1C4007302B2 /* ViewExtension.swift */ = {isa = PBXFileReference; fileEncoding = 4; lastKnownFileType = sourcecode.swift; path = ViewExtension.swift; sourceTree = "<group>"; };
		3D5FE40729BEA1C4007302B2 /* Constants.swift */ = {isa = PBXFileReference; fileEncoding = 4; lastKnownFileType = sourcecode.swift; path = Constants.swift; sourceTree = "<group>"; };
		3D679C8F29BEA4CD0063C76C /* ApiService.swift */ = {isa = PBXFileReference; lastKnownFileType = sourcecode.swift; path = ApiService.swift; sourceTree = "<group>"; };
		3D679C9229BEA59F0063C76C /* WeatherRepository.swift */ = {isa = PBXFileReference; lastKnownFileType = sourcecode.swift; path = WeatherRepository.swift; sourceTree = "<group>"; };
		3D679C9529BEA5F10063C76C /* WeatherResponse.swift */ = {isa = PBXFileReference; lastKnownFileType = sourcecode.swift; path = WeatherResponse.swift; sourceTree = "<group>"; };
		3DC3F27A29BE96C00075C257 /* MeteoApp.app */ = {isa = PBXFileReference; explicitFileType = wrapper.application; includeInIndex = 0; path = MeteoApp.app; sourceTree = BUILT_PRODUCTS_DIR; };
		3DC3F27D29BE96C00075C257 /* AppDelegate.swift */ = {isa = PBXFileReference; lastKnownFileType = sourcecode.swift; path = AppDelegate.swift; sourceTree = "<group>"; };
		3DC3F27F29BE96C00075C257 /* SceneDelegate.swift */ = {isa = PBXFileReference; lastKnownFileType = sourcecode.swift; path = SceneDelegate.swift; sourceTree = "<group>"; };
		3DC3F28429BE96C00075C257 /* Base */ = {isa = PBXFileReference; lastKnownFileType = file.storyboard; name = Base; path = Base.lproj/Main.storyboard; sourceTree = "<group>"; };
		3DC3F28729BE96C00075C257 /* MeteoApp.xcdatamodel */ = {isa = PBXFileReference; lastKnownFileType = wrapper.xcdatamodel; path = MeteoApp.xcdatamodel; sourceTree = "<group>"; };
		3DC3F28929BE96C10075C257 /* Assets.xcassets */ = {isa = PBXFileReference; lastKnownFileType = folder.assetcatalog; path = Assets.xcassets; sourceTree = "<group>"; };
		3DC3F28C29BE96C10075C257 /* Base */ = {isa = PBXFileReference; lastKnownFileType = file.storyboard; name = Base; path = Base.lproj/LaunchScreen.storyboard; sourceTree = "<group>"; };
		3DC3F28E29BE96C10075C257 /* Info.plist */ = {isa = PBXFileReference; lastKnownFileType = text.plist.xml; path = Info.plist; sourceTree = "<group>"; };
		3DC3F29329BE96C10075C257 /* MeteoAppTests.xctest */ = {isa = PBXFileReference; explicitFileType = wrapper.cfbundle; includeInIndex = 0; path = MeteoAppTests.xctest; sourceTree = BUILT_PRODUCTS_DIR; };
		3DC3F29729BE96C10075C257 /* MeteoAppTests.swift */ = {isa = PBXFileReference; lastKnownFileType = sourcecode.swift; path = MeteoAppTests.swift; sourceTree = "<group>"; };
		3DC3F29D29BE96C10075C257 /* MeteoAppUITests.xctest */ = {isa = PBXFileReference; explicitFileType = wrapper.cfbundle; includeInIndex = 0; path = MeteoAppUITests.xctest; sourceTree = BUILT_PRODUCTS_DIR; };
		3DC3F2A129BE96C10075C257 /* MeteoAppUITests.swift */ = {isa = PBXFileReference; lastKnownFileType = sourcecode.swift; path = MeteoAppUITests.swift; sourceTree = "<group>"; };
		3DC3F2A329BE96C10075C257 /* MeteoAppUITestsLaunchTests.swift */ = {isa = PBXFileReference; lastKnownFileType = sourcecode.swift; path = MeteoAppUITestsLaunchTests.swift; sourceTree = "<group>"; };
		68DC95569F5D451889735EC4 /* Pods_MeteoApp.framework */ = {isa = PBXFileReference; explicitFileType = wrapper.framework; includeInIndex = 0; path = Pods_MeteoApp.framework; sourceTree = BUILT_PRODUCTS_DIR; };
		6F4F9D105529E94008D1AFE4 /* Pods-MeteoApp.release.xcconfig */ = {isa = PBXFileReference; includeInIndex = 1; lastKnownFileType = text.xcconfig; name = "Pods-MeteoApp.release.xcconfig"; path = "Target Support Files/Pods-MeteoApp/Pods-MeteoApp.release.xcconfig"; sourceTree = "<group>"; };
		D2CA2DCD45E93B9AEFBC36CB /* Pods-MeteoApp.debug.xcconfig */ = {isa = PBXFileReference; includeInIndex = 1; lastKnownFileType = text.xcconfig; name = "Pods-MeteoApp.debug.xcconfig"; path = "Target Support Files/Pods-MeteoApp/Pods-MeteoApp.debug.xcconfig"; sourceTree = "<group>"; };
/* End PBXFileReference section */

/* Begin PBXFrameworksBuildPhase section */
		3DC3F27729BE96C00075C257 /* Frameworks */ = {
			isa = PBXFrameworksBuildPhase;
			buildActionMask = 2147483647;
			files = (
				51A6AFD7BD3B71D1F5011E88 /* Pods_MeteoApp.framework in Frameworks */,
			);
			runOnlyForDeploymentPostprocessing = 0;
		};
		3DC3F29029BE96C10075C257 /* Frameworks */ = {
			isa = PBXFrameworksBuildPhase;
			buildActionMask = 2147483647;
			files = (
			);
			runOnlyForDeploymentPostprocessing = 0;
		};
		3DC3F29A29BE96C10075C257 /* Frameworks */ = {
			isa = PBXFrameworksBuildPhase;
			buildActionMask = 2147483647;
			files = (
			);
			runOnlyForDeploymentPostprocessing = 0;
		};
/* End PBXFrameworksBuildPhase section */

/* Begin PBXGroup section */
		3D5FE3F629BE9FB4007302B2 /* ViewControllers */ = {
			isa = PBXGroup;
			children = (
				3D5FE3FA29BE9FFF007302B2 /* Home */,
			);
			path = ViewControllers;
			sourceTree = "<group>";
		};
		3D5FE3F729BE9FC5007302B2 /* Data */ = {
			isa = PBXGroup;
			children = (
				3D679C9429BEA5DC0063C76C /* model */,
				3D679C9129BEA5850063C76C /* repository */,
				3D679C8F29BEA4CD0063C76C /* ApiService.swift */,
			);
			path = Data;
			sourceTree = "<group>";
		};
		3D5FE3F829BE9FCC007302B2 /* Utils */ = {
			isa = PBXGroup;
			children = (
				3D5FE40329BEA1C4007302B2 /* extensions */,
				3D5FE40729BEA1C4007302B2 /* Constants.swift */,
			);
			path = Utils;
			sourceTree = "<group>";
		};
		3D5FE3F929BE9FDB007302B2 /* CustomViews */ = {
			isa = PBXGroup;
			children = (
			);
			path = CustomViews;
			sourceTree = "<group>";
		};
		3D5FE3FA29BE9FFF007302B2 /* Home */ = {
			isa = PBXGroup;
			children = (
				3D5FE3FF29BEA0F5007302B2 /* HomePageModel.swift */,
				3D5FE40029BEA0F5007302B2 /* HomePageVM.swift */,
				3D5FE3FB29BEA06F007302B2 /* HomePageVC.swift */,
				3D5FE3FC29BEA06F007302B2 /* HomePageVC.xib */,
			);
			path = Home;
			sourceTree = "<group>";
		};
		3D5FE40329BEA1C4007302B2 /* extensions */ = {
			isa = PBXGroup;
			children = (
				3D5FE40429BEA1C4007302B2 /* IntExtension.swift */,
				3D5FE40529BEA1C4007302B2 /* ViewExtension.swift */,
			);
			path = extensions;
			sourceTree = "<group>";
		};
		3D679C9129BEA5850063C76C /* repository */ = {
			isa = PBXGroup;
			children = (
				3D679C9229BEA59F0063C76C /* WeatherRepository.swift */,
			);
			path = repository;
			sourceTree = "<group>";
		};
		3D679C9429BEA5DC0063C76C /* model */ = {
			isa = PBXGroup;
			children = (
				3D679C9529BEA5F10063C76C /* WeatherResponse.swift */,
			);
			path = model;
			sourceTree = "<group>";
		};
		3DC3F27129BE96C00075C257 = {
			isa = PBXGroup;
			children = (
				3DC3F27C29BE96C00075C257 /* MeteoApp */,
				3DC3F29629BE96C10075C257 /* MeteoAppTests */,
				3DC3F2A029BE96C10075C257 /* MeteoAppUITests */,
				3DC3F27B29BE96C00075C257 /* Products */,
				E02BD62FDF9E209D78C49E7F /* Pods */,
				7BA45084AE356FA8EAD1EC9C /* Frameworks */,
			);
			sourceTree = "<group>";
		};
		3DC3F27B29BE96C00075C257 /* Products */ = {
			isa = PBXGroup;
			children = (
				3DC3F27A29BE96C00075C257 /* MeteoApp.app */,
				3DC3F29329BE96C10075C257 /* MeteoAppTests.xctest */,
				3DC3F29D29BE96C10075C257 /* MeteoAppUITests.xctest */,
			);
			name = Products;
			sourceTree = "<group>";
		};
		3DC3F27C29BE96C00075C257 /* MeteoApp */ = {
			isa = PBXGroup;
			children = (
				3D5FE3F829BE9FCC007302B2 /* Utils */,
				3D5FE3F729BE9FC5007302B2 /* Data */,
				3D5FE3F929BE9FDB007302B2 /* CustomViews */,
				3D5FE3F629BE9FB4007302B2 /* ViewControllers */,
				3DC3F27D29BE96C00075C257 /* AppDelegate.swift */,
				3DC3F27F29BE96C00075C257 /* SceneDelegate.swift */,
				3DC3F28329BE96C00075C257 /* Main.storyboard */,
				3DC3F28929BE96C10075C257 /* Assets.xcassets */,
				3DC3F28B29BE96C10075C257 /* LaunchScreen.storyboard */,
				3DC3F28E29BE96C10075C257 /* Info.plist */,
				3DC3F28629BE96C00075C257 /* MeteoApp.xcdatamodeld */,
			);
			path = MeteoApp;
			sourceTree = "<group>";
		};
		3DC3F29629BE96C10075C257 /* MeteoAppTests */ = {
			isa = PBXGroup;
			children = (
				3DC3F29729BE96C10075C257 /* MeteoAppTests.swift */,
			);
			path = MeteoAppTests;
			sourceTree = "<group>";
		};
		3DC3F2A029BE96C10075C257 /* MeteoAppUITests */ = {
			isa = PBXGroup;
			children = (
				3DC3F2A129BE96C10075C257 /* MeteoAppUITests.swift */,
				3DC3F2A329BE96C10075C257 /* MeteoAppUITestsLaunchTests.swift */,
			);
			path = MeteoAppUITests;
			sourceTree = "<group>";
		};
		7BA45084AE356FA8EAD1EC9C /* Frameworks */ = {
			isa = PBXGroup;
			children = (
				68DC95569F5D451889735EC4 /* Pods_MeteoApp.framework */,
			);
			name = Frameworks;
			sourceTree = "<group>";
		};
		E02BD62FDF9E209D78C49E7F /* Pods */ = {
			isa = PBXGroup;
			children = (
				D2CA2DCD45E93B9AEFBC36CB /* Pods-MeteoApp.debug.xcconfig */,
				6F4F9D105529E94008D1AFE4 /* Pods-MeteoApp.release.xcconfig */,
			);
			path = Pods;
			sourceTree = "<group>";
		};
/* End PBXGroup section */

/* Begin PBXNativeTarget section */
		3DC3F27929BE96C00075C257 /* MeteoApp */ = {
			isa = PBXNativeTarget;
			buildConfigurationList = 3DC3F2A729BE96C10075C257 /* Build configuration list for PBXNativeTarget "MeteoApp" */;
			buildPhases = (
				39462211EA446FFB313A7477 /* [CP] Check Pods Manifest.lock */,
				3DC3F27629BE96C00075C257 /* Sources */,
				3DC3F27729BE96C00075C257 /* Frameworks */,
				3DC3F27829BE96C00075C257 /* Resources */,
				9F429B2CE8B3A28429E2F83C /* [CP] Embed Pods Frameworks */,
			);
			buildRules = (
			);
			dependencies = (
			);
			name = MeteoApp;
			productName = MeteoApp;
			productReference = 3DC3F27A29BE96C00075C257 /* MeteoApp.app */;
			productType = "com.apple.product-type.application";
		};
		3DC3F29229BE96C10075C257 /* MeteoAppTests */ = {
			isa = PBXNativeTarget;
			buildConfigurationList = 3DC3F2AA29BE96C10075C257 /* Build configuration list for PBXNativeTarget "MeteoAppTests" */;
			buildPhases = (
				3DC3F28F29BE96C10075C257 /* Sources */,
				3DC3F29029BE96C10075C257 /* Frameworks */,
				3DC3F29129BE96C10075C257 /* Resources */,
			);
			buildRules = (
			);
			dependencies = (
				3DC3F29529BE96C10075C257 /* PBXTargetDependency */,
			);
			name = MeteoAppTests;
			productName = MeteoAppTests;
			productReference = 3DC3F29329BE96C10075C257 /* MeteoAppTests.xctest */;
			productType = "com.apple.product-type.bundle.unit-test";
		};
		3DC3F29C29BE96C10075C257 /* MeteoAppUITests */ = {
			isa = PBXNativeTarget;
			buildConfigurationList = 3DC3F2AD29BE96C10075C257 /* Build configuration list for PBXNativeTarget "MeteoAppUITests" */;
			buildPhases = (
				3DC3F29929BE96C10075C257 /* Sources */,
				3DC3F29A29BE96C10075C257 /* Frameworks */,
				3DC3F29B29BE96C10075C257 /* Resources */,
			);
			buildRules = (
			);
			dependencies = (
				3DC3F29F29BE96C10075C257 /* PBXTargetDependency */,
			);
			name = MeteoAppUITests;
			productName = MeteoAppUITests;
			productReference = 3DC3F29D29BE96C10075C257 /* MeteoAppUITests.xctest */;
			productType = "com.apple.product-type.bundle.ui-testing";
		};
/* End PBXNativeTarget section */

/* Begin PBXProject section */
		3DC3F27229BE96C00075C257 /* Project object */ = {
			isa = PBXProject;
			attributes = {
				BuildIndependentTargetsInParallel = 1;
				LastSwiftUpdateCheck = 1340;
				LastUpgradeCheck = 1340;
				TargetAttributes = {
					3DC3F27929BE96C00075C257 = {
						CreatedOnToolsVersion = 13.4;
					};
					3DC3F29229BE96C10075C257 = {
						CreatedOnToolsVersion = 13.4;
						TestTargetID = 3DC3F27929BE96C00075C257;
					};
					3DC3F29C29BE96C10075C257 = {
						CreatedOnToolsVersion = 13.4;
						TestTargetID = 3DC3F27929BE96C00075C257;
					};
				};
			};
			buildConfigurationList = 3DC3F27529BE96C00075C257 /* Build configuration list for PBXProject "MeteoApp" */;
			compatibilityVersion = "Xcode 13.0";
			developmentRegion = en;
			hasScannedForEncodings = 0;
			knownRegions = (
				en,
				Base,
			);
			mainGroup = 3DC3F27129BE96C00075C257;
			productRefGroup = 3DC3F27B29BE96C00075C257 /* Products */;
			projectDirPath = "";
			projectRoot = "";
			targets = (
				3DC3F27929BE96C00075C257 /* MeteoApp */,
				3DC3F29229BE96C10075C257 /* MeteoAppTests */,
				3DC3F29C29BE96C10075C257 /* MeteoAppUITests */,
			);
		};
/* End PBXProject section */

/* Begin PBXResourcesBuildPhase section */
		3DC3F27829BE96C00075C257 /* Resources */ = {
			isa = PBXResourcesBuildPhase;
			buildActionMask = 2147483647;
			files = (
				3DC3F28D29BE96C10075C257 /* LaunchScreen.storyboard in Resources */,
				3DC3F28A29BE96C10075C257 /* Assets.xcassets in Resources */,
				3D5FE3FE29BEA06F007302B2 /* HomePageVC.xib in Resources */,
				3DC3F28529BE96C00075C257 /* Main.storyboard in Resources */,
			);
			runOnlyForDeploymentPostprocessing = 0;
		};
		3DC3F29129BE96C10075C257 /* Resources */ = {
			isa = PBXResourcesBuildPhase;
			buildActionMask = 2147483647;
			files = (
			);
			runOnlyForDeploymentPostprocessing = 0;
		};
		3DC3F29B29BE96C10075C257 /* Resources */ = {
			isa = PBXResourcesBuildPhase;
			buildActionMask = 2147483647;
			files = (
			);
			runOnlyForDeploymentPostprocessing = 0;
		};
/* End PBXResourcesBuildPhase section */

/* Begin PBXShellScriptBuildPhase section */
		39462211EA446FFB313A7477 /* [CP] Check Pods Manifest.lock */ = {
			isa = PBXShellScriptBuildPhase;
			buildActionMask = 2147483647;
			files = (
			);
			inputFileListPaths = (
			);
			inputPaths = (
				"${PODS_PODFILE_DIR_PATH}/Podfile.lock",
				"${PODS_ROOT}/Manifest.lock",
			);
			name = "[CP] Check Pods Manifest.lock";
			outputFileListPaths = (
			);
			outputPaths = (
				"$(DERIVED_FILE_DIR)/Pods-MeteoApp-checkManifestLockResult.txt",
			);
			runOnlyForDeploymentPostprocessing = 0;
			shellPath = /bin/sh;
			shellScript = "diff \"${PODS_PODFILE_DIR_PATH}/Podfile.lock\" \"${PODS_ROOT}/Manifest.lock\" > /dev/null\nif [ $? != 0 ] ; then\n    # print error to STDERR\n    echo \"error: The sandbox is not in sync with the Podfile.lock. Run 'pod install' or update your CocoaPods installation.\" >&2\n    exit 1\nfi\n# This output is used by Xcode 'outputs' to avoid re-running this script phase.\necho \"SUCCESS\" > \"${SCRIPT_OUTPUT_FILE_0}\"\n";
			showEnvVarsInLog = 0;
		};
		9F429B2CE8B3A28429E2F83C /* [CP] Embed Pods Frameworks */ = {
			isa = PBXShellScriptBuildPhase;
			buildActionMask = 2147483647;
			files = (
			);
			inputFileListPaths = (
				"${PODS_ROOT}/Target Support Files/Pods-MeteoApp/Pods-MeteoApp-frameworks-${CONFIGURATION}-input-files.xcfilelist",
			);
			name = "[CP] Embed Pods Frameworks";
			outputFileListPaths = (
				"${PODS_ROOT}/Target Support Files/Pods-MeteoApp/Pods-MeteoApp-frameworks-${CONFIGURATION}-output-files.xcfilelist",
			);
			runOnlyForDeploymentPostprocessing = 0;
			shellPath = /bin/sh;
			shellScript = "\"${PODS_ROOT}/Target Support Files/Pods-MeteoApp/Pods-MeteoApp-frameworks.sh\"\n";
			showEnvVarsInLog = 0;
		};
/* End PBXShellScriptBuildPhase section */

/* Begin PBXSourcesBuildPhase section */
		3DC3F27629BE96C00075C257 /* Sources */ = {
			isa = PBXSourcesBuildPhase;
			buildActionMask = 2147483647;
			files = (
				3DC3F28829BE96C00075C257 /* MeteoApp.xcdatamodeld in Sources */,
				3DC3F27E29BE96C00075C257 /* AppDelegate.swift in Sources */,
				3D5FE40929BEA1C4007302B2 /* IntExtension.swift in Sources */,
				3D5FE40229BEA0F5007302B2 /* HomePageVM.swift in Sources */,
				3D5FE40C29BEA1C4007302B2 /* Constants.swift in Sources */,
				3D5FE3FD29BEA06F007302B2 /* HomePageVC.swift in Sources */,
				3D679C9029BEA4CD0063C76C /* ApiService.swift in Sources */,
				3D679C9629BEA5F10063C76C /* WeatherResponse.swift in Sources */,
				3D5FE40129BEA0F5007302B2 /* HomePageModel.swift in Sources */,
				3D5FE40A29BEA1C4007302B2 /* ViewExtension.swift in Sources */,
				3D679C9329BEA59F0063C76C /* WeatherRepository.swift in Sources */,
				3DC3F28029BE96C00075C257 /* SceneDelegate.swift in Sources */,
			);
			runOnlyForDeploymentPostprocessing = 0;
		};
		3DC3F28F29BE96C10075C257 /* Sources */ = {
			isa = PBXSourcesBuildPhase;
			buildActionMask = 2147483647;
			files = (
				3DC3F29829BE96C10075C257 /* MeteoAppTests.swift in Sources */,
			);
			runOnlyForDeploymentPostprocessing = 0;
		};
		3DC3F29929BE96C10075C257 /* Sources */ = {
			isa = PBXSourcesBuildPhase;
			buildActionMask = 2147483647;
			files = (
				3DC3F2A429BE96C10075C257 /* MeteoAppUITestsLaunchTests.swift in Sources */,
				3DC3F2A229BE96C10075C257 /* MeteoAppUITests.swift in Sources */,
			);
			runOnlyForDeploymentPostprocessing = 0;
		};
/* End PBXSourcesBuildPhase section */

/* Begin PBXTargetDependency section */
		3DC3F29529BE96C10075C257 /* PBXTargetDependency */ = {
			isa = PBXTargetDependency;
			target = 3DC3F27929BE96C00075C257 /* MeteoApp */;
			targetProxy = 3DC3F29429BE96C10075C257 /* PBXContainerItemProxy */;
		};
		3DC3F29F29BE96C10075C257 /* PBXTargetDependency */ = {
			isa = PBXTargetDependency;
			target = 3DC3F27929BE96C00075C257 /* MeteoApp */;
			targetProxy = 3DC3F29E29BE96C10075C257 /* PBXContainerItemProxy */;
		};
/* End PBXTargetDependency section */

/* Begin PBXVariantGroup section */
		3DC3F28329BE96C00075C257 /* Main.storyboard */ = {
			isa = PBXVariantGroup;
			children = (
				3DC3F28429BE96C00075C257 /* Base */,
			);
			name = Main.storyboard;
			sourceTree = "<group>";
		};
		3DC3F28B29BE96C10075C257 /* LaunchScreen.storyboard */ = {
			isa = PBXVariantGroup;
			children = (
				3DC3F28C29BE96C10075C257 /* Base */,
			);
			name = LaunchScreen.storyboard;
			sourceTree = "<group>";
		};
/* End PBXVariantGroup section */

/* Begin XCBuildConfiguration section */
		3DC3F2A529BE96C10075C257 /* Debug */ = {
			isa = XCBuildConfiguration;
			buildSettings = {
				ALWAYS_SEARCH_USER_PATHS = NO;
				CLANG_ANALYZER_NONNULL = YES;
				CLANG_ANALYZER_NUMBER_OBJECT_CONVERSION = YES_AGGRESSIVE;
				CLANG_CXX_LANGUAGE_STANDARD = "gnu++17";
				CLANG_ENABLE_MODULES = YES;
				CLANG_ENABLE_OBJC_ARC = YES;
				CLANG_ENABLE_OBJC_WEAK = YES;
				CLANG_WARN_BLOCK_CAPTURE_AUTORELEASING = YES;
				CLANG_WARN_BOOL_CONVERSION = YES;
				CLANG_WARN_COMMA = YES;
				CLANG_WARN_CONSTANT_CONVERSION = YES;
				CLANG_WARN_DEPRECATED_OBJC_IMPLEMENTATIONS = YES;
				CLANG_WARN_DIRECT_OBJC_ISA_USAGE = YES_ERROR;
				CLANG_WARN_DOCUMENTATION_COMMENTS = YES;
				CLANG_WARN_EMPTY_BODY = YES;
				CLANG_WARN_ENUM_CONVERSION = YES;
				CLANG_WARN_INFINITE_RECURSION = YES;
				CLANG_WARN_INT_CONVERSION = YES;
				CLANG_WARN_NON_LITERAL_NULL_CONVERSION = YES;
				CLANG_WARN_OBJC_IMPLICIT_RETAIN_SELF = YES;
				CLANG_WARN_OBJC_LITERAL_CONVERSION = YES;
				CLANG_WARN_OBJC_ROOT_CLASS = YES_ERROR;
				CLANG_WARN_QUOTED_INCLUDE_IN_FRAMEWORK_HEADER = YES;
				CLANG_WARN_RANGE_LOOP_ANALYSIS = YES;
				CLANG_WARN_STRICT_PROTOTYPES = YES;
				CLANG_WARN_SUSPICIOUS_MOVE = YES;
				CLANG_WARN_UNGUARDED_AVAILABILITY = YES_AGGRESSIVE;
				CLANG_WARN_UNREACHABLE_CODE = YES;
				CLANG_WARN__DUPLICATE_METHOD_MATCH = YES;
				COPY_PHASE_STRIP = NO;
				DEBUG_INFORMATION_FORMAT = dwarf;
				ENABLE_STRICT_OBJC_MSGSEND = YES;
				ENABLE_TESTABILITY = YES;
				GCC_C_LANGUAGE_STANDARD = gnu11;
				GCC_DYNAMIC_NO_PIC = NO;
				GCC_NO_COMMON_BLOCKS = YES;
				GCC_OPTIMIZATION_LEVEL = 0;
				GCC_PREPROCESSOR_DEFINITIONS = (
					"DEBUG=1",
					"$(inherited)",
				);
				GCC_WARN_64_TO_32_BIT_CONVERSION = YES;
				GCC_WARN_ABOUT_RETURN_TYPE = YES_ERROR;
				GCC_WARN_UNDECLARED_SELECTOR = YES;
				GCC_WARN_UNINITIALIZED_AUTOS = YES_AGGRESSIVE;
				GCC_WARN_UNUSED_FUNCTION = YES;
				GCC_WARN_UNUSED_VARIABLE = YES;
				IPHONEOS_DEPLOYMENT_TARGET = 15.5;
				MTL_ENABLE_DEBUG_INFO = INCLUDE_SOURCE;
				MTL_FAST_MATH = YES;
				ONLY_ACTIVE_ARCH = YES;
				SDKROOT = iphoneos;
				SWIFT_ACTIVE_COMPILATION_CONDITIONS = DEBUG;
				SWIFT_OPTIMIZATION_LEVEL = "-Onone";
			};
			name = Debug;
		};
		3DC3F2A629BE96C10075C257 /* Release */ = {
			isa = XCBuildConfiguration;
			buildSettings = {
				ALWAYS_SEARCH_USER_PATHS = NO;
				CLANG_ANALYZER_NONNULL = YES;
				CLANG_ANALYZER_NUMBER_OBJECT_CONVERSION = YES_AGGRESSIVE;
				CLANG_CXX_LANGUAGE_STANDARD = "gnu++17";
				CLANG_ENABLE_MODULES = YES;
				CLANG_ENABLE_OBJC_ARC = YES;
				CLANG_ENABLE_OBJC_WEAK = YES;
				CLANG_WARN_BLOCK_CAPTURE_AUTORELEASING = YES;
				CLANG_WARN_BOOL_CONVERSION = YES;
				CLANG_WARN_COMMA = YES;
				CLANG_WARN_CONSTANT_CONVERSION = YES;
				CLANG_WARN_DEPRECATED_OBJC_IMPLEMENTATIONS = YES;
				CLANG_WARN_DIRECT_OBJC_ISA_USAGE = YES_ERROR;
				CLANG_WARN_DOCUMENTATION_COMMENTS = YES;
				CLANG_WARN_EMPTY_BODY = YES;
				CLANG_WARN_ENUM_CONVERSION = YES;
				CLANG_WARN_INFINITE_RECURSION = YES;
				CLANG_WARN_INT_CONVERSION = YES;
				CLANG_WARN_NON_LITERAL_NULL_CONVERSION = YES;
				CLANG_WARN_OBJC_IMPLICIT_RETAIN_SELF = YES;
				CLANG_WARN_OBJC_LITERAL_CONVERSION = YES;
				CLANG_WARN_OBJC_ROOT_CLASS = YES_ERROR;
				CLANG_WARN_QUOTED_INCLUDE_IN_FRAMEWORK_HEADER = YES;
				CLANG_WARN_RANGE_LOOP_ANALYSIS = YES;
				CLANG_WARN_STRICT_PROTOTYPES = YES;
				CLANG_WARN_SUSPICIOUS_MOVE = YES;
				CLANG_WARN_UNGUARDED_AVAILABILITY = YES_AGGRESSIVE;
				CLANG_WARN_UNREACHABLE_CODE = YES;
				CLANG_WARN__DUPLICATE_METHOD_MATCH = YES;
				COPY_PHASE_STRIP = NO;
				DEBUG_INFORMATION_FORMAT = "dwarf-with-dsym";
				ENABLE_NS_ASSERTIONS = NO;
				ENABLE_STRICT_OBJC_MSGSEND = YES;
				GCC_C_LANGUAGE_STANDARD = gnu11;
				GCC_NO_COMMON_BLOCKS = YES;
				GCC_WARN_64_TO_32_BIT_CONVERSION = YES;
				GCC_WARN_ABOUT_RETURN_TYPE = YES_ERROR;
				GCC_WARN_UNDECLARED_SELECTOR = YES;
				GCC_WARN_UNINITIALIZED_AUTOS = YES_AGGRESSIVE;
				GCC_WARN_UNUSED_FUNCTION = YES;
				GCC_WARN_UNUSED_VARIABLE = YES;
				IPHONEOS_DEPLOYMENT_TARGET = 15.5;
				MTL_ENABLE_DEBUG_INFO = NO;
				MTL_FAST_MATH = YES;
				SDKROOT = iphoneos;
				SWIFT_COMPILATION_MODE = wholemodule;
				SWIFT_OPTIMIZATION_LEVEL = "-O";
				VALIDATE_PRODUCT = YES;
			};
			name = Release;
		};
		3DC3F2A829BE96C10075C257 /* Debug */ = {
			isa = XCBuildConfiguration;
			baseConfigurationReference = D2CA2DCD45E93B9AEFBC36CB /* Pods-MeteoApp.debug.xcconfig */;
			buildSettings = {
				ASSETCATALOG_COMPILER_APPICON_NAME = AppIcon;
				ASSETCATALOG_COMPILER_GLOBAL_ACCENT_COLOR_NAME = AccentColor;
				CODE_SIGN_STYLE = Automatic;
				CURRENT_PROJECT_VERSION = 1;
				GENERATE_INFOPLIST_FILE = YES;
				INFOPLIST_FILE = MeteoApp/Info.plist;
				INFOPLIST_KEY_UIApplicationSupportsIndirectInputEvents = YES;
				INFOPLIST_KEY_UILaunchStoryboardName = LaunchScreen;
				INFOPLIST_KEY_UIMainStoryboardFile = Main;
				INFOPLIST_KEY_UISupportedInterfaceOrientations_iPad = "UIInterfaceOrientationPortrait UIInterfaceOrientationPortraitUpsideDown UIInterfaceOrientationLandscapeLeft UIInterfaceOrientationLandscapeRight";
				INFOPLIST_KEY_UISupportedInterfaceOrientations_iPhone = "UIInterfaceOrientationPortrait UIInterfaceOrientationLandscapeLeft UIInterfaceOrientationLandscapeRight";
				LD_RUNPATH_SEARCH_PATHS = (
					"$(inherited)",
					"@executable_path/Frameworks",
				);
				MARKETING_VERSION = 1.0;
				PRODUCT_BUNDLE_IDENTIFIER = com.dauphine.MeteoApp;
				PRODUCT_NAME = "$(TARGET_NAME)";
				SWIFT_EMIT_LOC_STRINGS = YES;
				SWIFT_VERSION = 5.0;
				TARGETED_DEVICE_FAMILY = "1,2";
			};
			name = Debug;
		};
		3DC3F2A929BE96C10075C257 /* Release */ = {
			isa = XCBuildConfiguration;
			baseConfigurationReference = 6F4F9D105529E94008D1AFE4 /* Pods-MeteoApp.release.xcconfig */;
			buildSettings = {
				ASSETCATALOG_COMPILER_APPICON_NAME = AppIcon;
				ASSETCATALOG_COMPILER_GLOBAL_ACCENT_COLOR_NAME = AccentColor;
				CODE_SIGN_STYLE = Automatic;
				CURRENT_PROJECT_VERSION = 1;
				GENERATE_INFOPLIST_FILE = YES;
				INFOPLIST_FILE = MeteoApp/Info.plist;
				INFOPLIST_KEY_UIApplicationSupportsIndirectInputEvents = YES;
				INFOPLIST_KEY_UILaunchStoryboardName = LaunchScreen;
				INFOPLIST_KEY_UIMainStoryboardFile = Main;
				INFOPLIST_KEY_UISupportedInterfaceOrientations_iPad = "UIInterfaceOrientationPortrait UIInterfaceOrientationPortraitUpsideDown UIInterfaceOrientationLandscapeLeft UIInterfaceOrientationLandscapeRight";
				INFOPLIST_KEY_UISupportedInterfaceOrientations_iPhone = "UIInterfaceOrientationPortrait UIInterfaceOrientationLandscapeLeft UIInterfaceOrientationLandscapeRight";
				LD_RUNPATH_SEARCH_PATHS = (
					"$(inherited)",
					"@executable_path/Frameworks",
				);
				MARKETING_VERSION = 1.0;
				PRODUCT_BUNDLE_IDENTIFIER = com.dauphine.MeteoApp;
				PRODUCT_NAME = "$(TARGET_NAME)";
				SWIFT_EMIT_LOC_STRINGS = YES;
				SWIFT_VERSION = 5.0;
				TARGETED_DEVICE_FAMILY = "1,2";
			};
			name = Release;
		};
		3DC3F2AB29BE96C10075C257 /* Debug */ = {
			isa = XCBuildConfiguration;
			buildSettings = {
				ALWAYS_EMBED_SWIFT_STANDARD_LIBRARIES = YES;
				BUNDLE_LOADER = "$(TEST_HOST)";
				CODE_SIGN_STYLE = Automatic;
				CURRENT_PROJECT_VERSION = 1;
				GENERATE_INFOPLIST_FILE = YES;
				IPHONEOS_DEPLOYMENT_TARGET = 15.5;
				MARKETING_VERSION = 1.0;
				PRODUCT_BUNDLE_IDENTIFIER = com.dauphine.MeteoAppTests;
				PRODUCT_NAME = "$(TARGET_NAME)";
				SWIFT_EMIT_LOC_STRINGS = NO;
				SWIFT_VERSION = 5.0;
				TARGETED_DEVICE_FAMILY = "1,2";
				TEST_HOST = "$(BUILT_PRODUCTS_DIR)/MeteoApp.app/MeteoApp";
			};
			name = Debug;
		};
		3DC3F2AC29BE96C10075C257 /* Release */ = {
			isa = XCBuildConfiguration;
			buildSettings = {
				ALWAYS_EMBED_SWIFT_STANDARD_LIBRARIES = YES;
				BUNDLE_LOADER = "$(TEST_HOST)";
				CODE_SIGN_STYLE = Automatic;
				CURRENT_PROJECT_VERSION = 1;
				GENERATE_INFOPLIST_FILE = YES;
				IPHONEOS_DEPLOYMENT_TARGET = 15.5;
				MARKETING_VERSION = 1.0;
				PRODUCT_BUNDLE_IDENTIFIER = com.dauphine.MeteoAppTests;
				PRODUCT_NAME = "$(TARGET_NAME)";
				SWIFT_EMIT_LOC_STRINGS = NO;
				SWIFT_VERSION = 5.0;
				TARGETED_DEVICE_FAMILY = "1,2";
				TEST_HOST = "$(BUILT_PRODUCTS_DIR)/MeteoApp.app/MeteoApp";
			};
			name = Release;
		};
		3DC3F2AE29BE96C10075C257 /* Debug */ = {
			isa = XCBuildConfiguration;
			buildSettings = {
				ALWAYS_EMBED_SWIFT_STANDARD_LIBRARIES = YES;
				CODE_SIGN_STYLE = Automatic;
				CURRENT_PROJECT_VERSION = 1;
				GENERATE_INFOPLIST_FILE = YES;
				MARKETING_VERSION = 1.0;
				PRODUCT_BUNDLE_IDENTIFIER = com.dauphine.MeteoAppUITests;
				PRODUCT_NAME = "$(TARGET_NAME)";
				SWIFT_EMIT_LOC_STRINGS = NO;
				SWIFT_VERSION = 5.0;
				TARGETED_DEVICE_FAMILY = "1,2";
				TEST_TARGET_NAME = MeteoApp;
			};
			name = Debug;
		};
		3DC3F2AF29BE96C10075C257 /* Release */ = {
			isa = XCBuildConfiguration;
			buildSettings = {
				ALWAYS_EMBED_SWIFT_STANDARD_LIBRARIES = YES;
				CODE_SIGN_STYLE = Automatic;
				CURRENT_PROJECT_VERSION = 1;
				GENERATE_INFOPLIST_FILE = YES;
				MARKETING_VERSION = 1.0;
				PRODUCT_BUNDLE_IDENTIFIER = com.dauphine.MeteoAppUITests;
				PRODUCT_NAME = "$(TARGET_NAME)";
				SWIFT_EMIT_LOC_STRINGS = NO;
				SWIFT_VERSION = 5.0;
				TARGETED_DEVICE_FAMILY = "1,2";
				TEST_TARGET_NAME = MeteoApp;
			};
			name = Release;
		};
/* End XCBuildConfiguration section */

/* Begin XCConfigurationList section */
		3DC3F27529BE96C00075C257 /* Build configuration list for PBXProject "MeteoApp" */ = {
			isa = XCConfigurationList;
			buildConfigurations = (
				3DC3F2A529BE96C10075C257 /* Debug */,
				3DC3F2A629BE96C10075C257 /* Release */,
			);
			defaultConfigurationIsVisible = 0;
			defaultConfigurationName = Release;
		};
		3DC3F2A729BE96C10075C257 /* Build configuration list for PBXNativeTarget "MeteoApp" */ = {
			isa = XCConfigurationList;
			buildConfigurations = (
				3DC3F2A829BE96C10075C257 /* Debug */,
				3DC3F2A929BE96C10075C257 /* Release */,
			);
			defaultConfigurationIsVisible = 0;
			defaultConfigurationName = Release;
		};
		3DC3F2AA29BE96C10075C257 /* Build configuration list for PBXNativeTarget "MeteoAppTests" */ = {
			isa = XCConfigurationList;
			buildConfigurations = (
				3DC3F2AB29BE96C10075C257 /* Debug */,
				3DC3F2AC29BE96C10075C257 /* Release */,
			);
			defaultConfigurationIsVisible = 0;
			defaultConfigurationName = Release;
		};
		3DC3F2AD29BE96C10075C257 /* Build configuration list for PBXNativeTarget "MeteoAppUITests" */ = {
			isa = XCConfigurationList;
			buildConfigurations = (
				3DC3F2AE29BE96C10075C257 /* Debug */,
				3DC3F2AF29BE96C10075C257 /* Release */,
			);
			defaultConfigurationIsVisible = 0;
			defaultConfigurationName = Release;
		};
/* End XCConfigurationList section */

/* Begin XCVersionGroup section */
		3DC3F28629BE96C00075C257 /* MeteoApp.xcdatamodeld */ = {
			isa = XCVersionGroup;
			children = (
				3DC3F28729BE96C00075C257 /* MeteoApp.xcdatamodel */,
			);
			currentVersion = 3DC3F28729BE96C00075C257 /* MeteoApp.xcdatamodel */;
			path = MeteoApp.xcdatamodeld;
			sourceTree = "<group>";
			versionGroupType = wrapper.xcdatamodel;
		};
/* End XCVersionGroup section */
	};
	rootObject = 3DC3F27229BE96C00075C257 /* Project object */;
}
